
Microsoft Visual Studio Solution File, Format Version 12.00
# Visual Studio 15
VisualStudioVersion = 15.0.28307.329
MinimumVisualStudioVersion = 10.0.40219.1
Project("{8BC9CEB8-8B4A-11D0-8D11-00A0C91BC942}") = "ProyectoDeco", "ProyectoDeco\ProyectoDeco.vcxproj", "{B67A1553-A84D-499D-9EEC-AF16264457CA}"
EndProject
Global
	GlobalSection(SolutionConfigurationPlatforms) = preSolution
		Debug|x64 = Debug|x64
		Debug|x86 = Debug|x86
		Release|x64 = Release|x64
		Release|x86 = Release|x86
	EndGlobalSection
	GlobalSection(ProjectConfigurationPlatforms) = postSolution
		{B67A1553-A84D-499D-9EEC-AF16264457CA}.Debug|x64.ActiveCfg = Debug|x64
		{B67A1553-A84D-499D-9EEC-AF16264457CA}.Debug|x64.Build.0 = Debug|x64
		{B67A1553-A84D-499D-9EEC-AF16264457CA}.Debug|x86.ActiveCfg = Debug|Win32
		{B67A1553-A84D-499D-9EEC-AF16264457CA}.Debug|x86.Build.0 = Debug|Win32
		{B67A1553-A84D-499D-9EEC-AF16264457CA}.Release|x64.ActiveCfg = Release|x64
		{B67A1553-A84D-499D-9EEC-AF16264457CA}.Release|x64.Build.0 = Release|x64
		{B67A1553-A84D-499D-9EEC-AF16264457CA}.Release|x86.ActiveCfg = Release|Win32
		{B67A1553-A84D-499D-9EEC-AF16264457CA}.Release|x86.Build.0 = Release|Win32
	EndGlobalSection
	GlobalSection(SolutionProperties) = preSolution
		HideSolutionNode = FALSE
	EndGlobalSection
	GlobalSection(ExtensibilityGlobals) = postSolution
		SolutionGuid = {5CEDF6FB-D79D-4AC6-8E2F-07DF48C39323}
	EndGlobalSection
EndGlobal
